
Microsoft Visual Studio Solution File, Format Version 12.00
# Visual Studio Version 17
VisualStudioVersion = 17.11.35327.3
MinimumVisualStudioVersion = 10.0.40219.1
Project("{FAE04EC0-301F-11D3-BF4B-00C04F79EFBC}") = "WebAzureDevops1", "WebAzureDevops1\WebAzureDevops1.csproj", "{2AE294AA-D812-4F2F-88EC-F2DCA57B0A47}"
EndProject
Global
	GlobalSection(SolutionConfigurationPlatforms) = preSolution
		Debug|Any CPU = Debug|Any CPU
		Release|Any CPU = Release|Any CPU
	EndGlobalSection
	GlobalSection(ProjectConfigurationPlatforms) = postSolution
		{2AE294AA-D812-4F2F-88EC-F2DCA57B0A47}.Debug|Any CPU.ActiveCfg = Debug|Any CPU
		{2AE294AA-D812-4F2F-88EC-F2DCA57B0A47}.Debug|Any CPU.Build.0 = Debug|Any CPU
		{2AE294AA-D812-4F2F-88EC-F2DCA57B0A47}.Release|Any CPU.ActiveCfg = Release|Any CPU
		{2AE294AA-D812-4F2F-88EC-F2DCA57B0A47}.Release|Any CPU.Build.0 = Release|Any CPU
	EndGlobalSection
	GlobalSection(SolutionProperties) = preSolution
		HideSolutionNode = FALSE
	EndGlobalSection
	GlobalSection(ExtensibilityGlobals) = postSolution
		SolutionGuid = {C6656B70-B487-4794-9C27-F3BF6CD771CA}
	EndGlobalSection
EndGlobal
